// !$*UTF8*$!
{
	archiveVersion = 1;
	classes = {
	};
	objectVersion = 50;
	objects = {

/* Begin PBXBuildFile section */
		7911040D21648F7200089ECD /* AppDelegate.swift in Sources */ = {isa = PBXBuildFile; fileRef = 7911040C21648F7200089ECD /* AppDelegate.swift */; };
		7911040F21648F7200089ECD /* ViewController.swift in Sources */ = {isa = PBXBuildFile; fileRef = 7911040E21648F7200089ECD /* ViewController.swift */; };
		7911041221648F7200089ECD /* Main.storyboard in Resources */ = {isa = PBXBuildFile; fileRef = 7911041021648F7200089ECD /* Main.storyboard */; };
		7911041421648F7300089ECD /* Assets.xcassets in Resources */ = {isa = PBXBuildFile; fileRef = 7911041321648F7300089ECD /* Assets.xcassets */; };
		7911041721648F7300089ECD /* LaunchScreen.storyboard in Resources */ = {isa = PBXBuildFile; fileRef = 7911041521648F7300089ECD /* LaunchScreen.storyboard */; };
		7911042221648F7400089ECD /* LoadingAnimationDemoTests.swift in Sources */ = {isa = PBXBuildFile; fileRef = 7911042121648F7400089ECD /* LoadingAnimationDemoTests.swift */; };
		7911042D21648F9900089ECD /* LoadingView.swift in Sources */ = {isa = PBXBuildFile; fileRef = 7911042C21648F9900089ECD /* LoadingView.swift */; };
/* End PBXBuildFile section */

/* Begin PBXContainerItemProxy section */
		7911041E21648F7300089ECD /* PBXContainerItemProxy */ = {
			isa = PBXContainerItemProxy;
			containerPortal = 7911040121648F7100089ECD /* Project object */;
			proxyType = 1;
			remoteGlobalIDString = 7911040821648F7200089ECD;
			remoteInfo = LoadingAnimationDemo;
		};
/* End PBXContainerItemProxy section */

/* Begin PBXFileReference section */
		7911040921648F7200089ECD /* LoadingAnimationDemo.app */ = {isa = PBXFileReference; explicitFileType = wrapper.application; includeInIndex = 0; path = LoadingAnimationDemo.app; sourceTree = BUILT_PRODUCTS_DIR; };
		7911040C21648F7200089ECD /* AppDelegate.swift */ = {isa = PBXFileReference; lastKnownFileType = sourcecode.swift; path = AppDelegate.swift; sourceTree = "<group>"; };
		7911040E21648F7200089ECD /* ViewController.swift */ = {isa = PBXFileReference; lastKnownFileType = sourcecode.swift; path = ViewController.swift; sourceTree = "<group>"; };
		7911041121648F7200089ECD /* Base */ = {isa = PBXFileReference; lastKnownFileType = file.storyboard; name = Base; path = Base.lproj/Main.storyboard; sourceTree = "<group>"; };
		7911041321648F7300089ECD /* Assets.xcassets */ = {isa = PBXFileReference; lastKnownFileType = folder.assetcatalog; path = Assets.xcassets; sourceTree = "<group>"; };
		7911041621648F7300089ECD /* Base */ = {isa = PBXFileReference; lastKnownFileType = file.storyboard; name = Base; path = Base.lproj/LaunchScreen.storyboard; sourceTree = "<group>"; };
		7911041821648F7300089ECD /* Info.plist */ = {isa = PBXFileReference; lastKnownFileType = text.plist.xml; path = Info.plist; sourceTree = "<group>"; };
		7911041D21648F7300089ECD /* LoadingAnimationDemoTests.xctest */ = {isa = PBXFileReference; explicitFileType = wrapper.cfbundle; includeInIndex = 0; path = LoadingAnimationDemoTests.xctest; sourceTree = BUILT_PRODUCTS_DIR; };
		7911042121648F7400089ECD /* LoadingAnimationDemoTests.swift */ = {isa = PBXFileReference; lastKnownFileType = sourcecode.swift; path = LoadingAnimationDemoTests.swift; sourceTree = "<group>"; };
		7911042321648F7400089ECD /* Info.plist */ = {isa = PBXFileReference; lastKnownFileType = text.plist.xml; path = Info.plist; sourceTree = "<group>"; };
		7911042C21648F9900089ECD /* LoadingView.swift */ = {isa = PBXFileReference; lastKnownFileType = sourcecode.swift; path = LoadingView.swift; sourceTree = "<group>"; };
/* End PBXFileReference section */

/* Begin PBXFrameworksBuildPhase section */
		7911040621648F7200089ECD /* Frameworks */ = {
			isa = PBXFrameworksBuildPhase;
			buildActionMask = 2147483647;
			files = (
			);
			runOnlyForDeploymentPostprocessing = 0;
		};
		7911041A21648F7300089ECD /* Frameworks */ = {
			isa = PBXFrameworksBuildPhase;
			buildActionMask = 2147483647;
			files = (
			);
			runOnlyForDeploymentPostprocessing = 0;
		};
/* End PBXFrameworksBuildPhase section */

/* Begin PBXGroup section */
		7911040021648F7100089ECD = {
			isa = PBXGroup;
			children = (
				7911040B21648F7200089ECD /* LoadingAnimationDemo */,
				7911042021648F7400089ECD /* LoadingAnimationDemoTests */,
				7911040A21648F7200089ECD /* Products */,
			);
			sourceTree = "<group>";
		};
		7911040A21648F7200089ECD /* Products */ = {
			isa = PBXGroup;
			children = (
				7911040921648F7200089ECD /* LoadingAnimationDemo.app */,
				7911041D21648F7300089ECD /* LoadingAnimationDemoTests.xctest */,
			);
			name = Products;
			sourceTree = "<group>";
		};
		7911040B21648F7200089ECD /* LoadingAnimationDemo */ = {
			isa = PBXGroup;
			children = (
				7911040C21648F7200089ECD /* AppDelegate.swift */,
				7911040E21648F7200089ECD /* ViewController.swift */,
				7911041021648F7200089ECD /* Main.storyboard */,
				7911041321648F7300089ECD /* Assets.xcassets */,
				7911041521648F7300089ECD /* LaunchScreen.storyboard */,
				7911041821648F7300089ECD /* Info.plist */,
				7911042C21648F9900089ECD /* LoadingView.swift */,
			);
			path = LoadingAnimationDemo;
			sourceTree = "<group>";
		};
		7911042021648F7400089ECD /* LoadingAnimationDemoTests */ = {
			isa = PBXGroup;
			children = (
				7911042121648F7400089ECD /* LoadingAnimationDemoTests.swift */,
				7911042321648F7400089ECD /* Info.plist */,
			);
			path = LoadingAnimationDemoTests;
			sourceTree = "<group>";
		};
/* End PBXGroup section */

/* Begin PBXNativeTarget section */
		7911040821648F7200089ECD /* LoadingAnimationDemo */ = {
			isa = PBXNativeTarget;
			buildConfigurationList = 7911042621648F7400089ECD /* Build configuration list for PBXNativeTarget "LoadingAnimationDemo" */;
			buildPhases = (
				7911040521648F7200089ECD /* Sources */,
				7911040621648F7200089ECD /* Frameworks */,
				7911040721648F7200089ECD /* Resources */,
			);
			buildRules = (
			);
			dependencies = (
			);
			name = LoadingAnimationDemo;
			productName = LoadingAnimationDemo;
			productReference = 7911040921648F7200089ECD /* LoadingAnimationDemo.app */;
			productType = "com.apple.product-type.application";
		};
		7911041C21648F7300089ECD /* LoadingAnimationDemoTests */ = {
			isa = PBXNativeTarget;
			buildConfigurationList = 7911042921648F7400089ECD /* Build configuration list for PBXNativeTarget "LoadingAnimationDemoTests" */;
			buildPhases = (
				7911041921648F7300089ECD /* Sources */,
				7911041A21648F7300089ECD /* Frameworks */,
				7911041B21648F7300089ECD /* Resources */,
			);
			buildRules = (
			);
			dependencies = (
				7911041F21648F7300089ECD /* PBXTargetDependency */,
			);
			name = LoadingAnimationDemoTests;
			productName = LoadingAnimationDemoTests;
			productReference = 7911041D21648F7300089ECD /* LoadingAnimationDemoTests.xctest */;
			productType = "com.apple.product-type.bundle.unit-test";
		};
/* End PBXNativeTarget section */

/* Begin PBXProject section */
		7911040121648F7100089ECD /* Project object */ = {
			isa = PBXProject;
			attributes = {
				LastSwiftUpdateCheck = 0940;
				LastUpgradeCheck = 0940;
				ORGANIZATIONNAME = f077616;
				TargetAttributes = {
					7911040821648F7200089ECD = {
						CreatedOnToolsVersion = 9.4.1;
					};
					7911041C21648F7300089ECD = {
						CreatedOnToolsVersion = 9.4.1;
						TestTargetID = 7911040821648F7200089ECD;
					};
				};
			};
			buildConfigurationList = 7911040421648F7100089ECD /* Build configuration list for PBXProject "LoadingAnimationDemo" */;
			compatibilityVersion = "Xcode 9.3";
			developmentRegion = en;
			hasScannedForEncodings = 0;
			knownRegions = (
				en,
				Base,
			);
			mainGroup = 7911040021648F7100089ECD;
			productRefGroup = 7911040A21648F7200089ECD /* Products */;
			projectDirPath = "";
			projectRoot = "";
			targets = (
				7911040821648F7200089ECD /* LoadingAnimationDemo */,
				7911041C21648F7300089ECD /* LoadingAnimationDemoTests */,
			);
		};
/* End PBXProject section */

/* Begin PBXResourcesBuildPhase section */
		7911040721648F7200089ECD /* Resources */ = {
			isa = PBXResourcesBuildPhase;
			buildActionMask = 2147483647;
			files = (
				7911041721648F7300089ECD /* LaunchScreen.storyboard in Resources */,
				7911041421648F7300089ECD /* Assets.xcassets in Resources */,
				7911041221648F7200089ECD /* Main.storyboard in Resources */,
			);
			runOnlyForDeploymentPostprocessing = 0;
		};
		7911041B21648F7300089ECD /* Resources */ = {
			isa = PBXResourcesBuildPhase;
			buildActionMask = 2147483647;
			files = (
			);
			runOnlyForDeploymentPostprocessing = 0;
		};
/* End PBXResourcesBuildPhase section */

/* Begin PBXSourcesBuildPhase section */
		7911040521648F7200089ECD /* Sources */ = {
			isa = PBXSourcesBuildPhase;
			buildActionMask = 2147483647;
			files = (
				7911040F21648F7200089ECD /* ViewController.swift in Sources */,
				7911040D21648F7200089ECD /* AppDelegate.swift in Sources */,
				7911042D21648F9900089ECD /* LoadingView.swift in Sources */,
			);
			runOnlyForDeploymentPostprocessing = 0;
		};
		7911041921648F7300089ECD /* Sources */ = {
			isa = PBXSourcesBuildPhase;
			buildActionMask = 2147483647;
			files = (
				7911042221648F7400089ECD /* LoadingAnimationDemoTests.swift in Sources */,
			);
			runOnlyForDeploymentPostprocessing = 0;
		};
/* End PBXSourcesBuildPhase section */

/* Begin PBXTargetDependency section */
		7911041F21648F7300089ECD /* PBXTargetDependency */ = {
			isa = PBXTargetDependency;
			target = 7911040821648F7200089ECD /* LoadingAnimationDemo */;
			targetProxy = 7911041E21648F7300089ECD /* PBXContainerItemProxy */;
		};
/* End PBXTargetDependency section */

/* Begin PBXVariantGroup section */
		7911041021648F7200089ECD /* Main.storyboard */ = {
			isa = PBXVariantGroup;
			children = (
				7911041121648F7200089ECD /* Base */,
			);
			name = Main.storyboard;
			sourceTree = "<group>";
		};
		7911041521648F7300089ECD /* LaunchScreen.storyboard */ = {
			isa = PBXVariantGroup;
			children = (
				7911041621648F7300089ECD /* Base */,
			);
			name = LaunchScreen.storyboard;
			sourceTree = "<group>";
		};
/* End PBXVariantGroup section */

/* Begin XCBuildConfiguration section */
		7911042421648F7400089ECD /* Debug */ = {
			isa = XCBuildConfiguration;
			buildSettings = {
				ALWAYS_SEARCH_USER_PATHS = NO;
				CLANG_ANALYZER_NONNULL = YES;
				CLANG_ANALYZER_NUMBER_OBJECT_CONVERSION = YES_AGGRESSIVE;
				CLANG_CXX_LANGUAGE_STANDARD = "gnu++14";
				CLANG_CXX_LIBRARY = "libc++";
				CLANG_ENABLE_MODULES = YES;
				CLANG_ENABLE_OBJC_ARC = YES;
				CLANG_ENABLE_OBJC_WEAK = YES;
				CLANG_WARN_BLOCK_CAPTURE_AUTORELEASING = YES;
				CLANG_WARN_BOOL_CONVERSION = YES;
				CLANG_WARN_COMMA = YES;
				CLANG_WARN_CONSTANT_CONVERSION = YES;
				CLANG_WARN_DEPRECATED_OBJC_IMPLEMENTATIONS = YES;
				CLANG_WARN_DIRECT_OBJC_ISA_USAGE = YES_ERROR;
				CLANG_WARN_DOCUMENTATION_COMMENTS = YES;
				CLANG_WARN_EMPTY_BODY = YES;
				CLANG_WARN_ENUM_CONVERSION = YES;
				CLANG_WARN_INFINITE_RECURSION = YES;
				CLANG_WARN_INT_CONVERSION = YES;
				CLANG_WARN_NON_LITERAL_NULL_CONVERSION = YES;
				CLANG_WARN_OBJC_IMPLICIT_RETAIN_SELF = YES;
				CLANG_WARN_OBJC_LITERAL_CONVERSION = YES;
				CLANG_WARN_OBJC_ROOT_CLASS = YES_ERROR;
				CLANG_WARN_RANGE_LOOP_ANALYSIS = YES;
				CLANG_WARN_STRICT_PROTOTYPES = YES;
				CLANG_WARN_SUSPICIOUS_MOVE = YES;
				CLANG_WARN_UNGUARDED_AVAILABILITY = YES_AGGRESSIVE;
				CLANG_WARN_UNREACHABLE_CODE = YES;
				CLANG_WARN__DUPLICATE_METHOD_MATCH = YES;
				CODE_SIGN_IDENTITY = "iPhone Developer";
				COPY_PHASE_STRIP = NO;
				DEBUG_INFORMATION_FORMAT = dwarf;
				ENABLE_STRICT_OBJC_MSGSEND = YES;
				ENABLE_TESTABILITY = YES;
				GCC_C_LANGUAGE_STANDARD = gnu11;
				GCC_DYNAMIC_NO_PIC = NO;
				GCC_NO_COMMON_BLOCKS = YES;
				GCC_OPTIMIZATION_LEVEL = 0;
				GCC_PREPROCESSOR_DEFINITIONS = (
					"DEBUG=1",
					"$(inherited)",
				);
				GCC_WARN_64_TO_32_BIT_CONVERSION = YES;
				GCC_WARN_ABOUT_RETURN_TYPE = YES_ERROR;
				GCC_WARN_UNDECLARED_SELECTOR = YES;
				GCC_WARN_UNINITIALIZED_AUTOS = YES_AGGRESSIVE;
				GCC_WARN_UNUSED_FUNCTION = YES;
				GCC_WARN_UNUSED_VARIABLE = YES;
				IPHONEOS_DEPLOYMENT_TARGET = 11.4;
				MTL_ENABLE_DEBUG_INFO = YES;
				ONLY_ACTIVE_ARCH = YES;
				SDKROOT = iphoneos;
				SWIFT_ACTIVE_COMPILATION_CONDITIONS = DEBUG;
				SWIFT_OPTIMIZATION_LEVEL = "-Onone";
			};
			name = Debug;
		};
		7911042521648F7400089ECD /* Release */ = {
			isa = XCBuildConfiguration;
			buildSettings = {
				ALWAYS_SEARCH_USER_PATHS = NO;
				CLANG_ANALYZER_NONNULL = YES;
				CLANG_ANALYZER_NUMBER_OBJECT_CONVERSION = YES_AGGRESSIVE;
				CLANG_CXX_LANGUAGE_STANDARD = "gnu++14";
				CLANG_CXX_LIBRARY = "libc++";
				CLANG_ENABLE_MODULES = YES;
				CLANG_ENABLE_OBJC_ARC = YES;
				CLANG_ENABLE_OBJC_WEAK = YES;
				CLANG_WARN_BLOCK_CAPTURE_AUTORELEASING = YES;
				CLANG_WARN_BOOL_CONVERSION = YES;
				CLANG_WARN_COMMA = YES;
				CLANG_WARN_CONSTANT_CONVERSION = YES;
				CLANG_WARN_DEPRECATED_OBJC_IMPLEMENTATIONS = YES;
				CLANG_WARN_DIRECT_OBJC_ISA_USAGE = YES_ERROR;
				CLANG_WARN_DOCUMENTATION_COMMENTS = YES;
				CLANG_WARN_EMPTY_BODY = YES;
				CLANG_WARN_ENUM_CONVERSION = YES;
				CLANG_WARN_INFINITE_RECURSION = YES;
				CLANG_WARN_INT_CONVERSION = YES;
				CLANG_WARN_NON_LITERAL_NULL_CONVERSION = YES;
				CLANG_WARN_OBJC_IMPLICIT_RETAIN_SELF = YES;
				CLANG_WARN_OBJC_LITERAL_CONVERSION = YES;
				CLANG_WARN_OBJC_ROOT_CLASS = YES_ERROR;
				CLANG_WARN_RANGE_LOOP_ANALYSIS = YES;
				CLANG_WARN_STRICT_PROTOTYPES = YES;
				CLANG_WARN_SUSPICIOUS_MOVE = YES;
				CLANG_WARN_UNGUARDED_AVAILABILITY = YES_AGGRESSIVE;
				CLANG_WARN_UNREACHABLE_CODE = YES;
				CLANG_WARN__DUPLICATE_METHOD_MATCH = YES;
				CODE_SIGN_IDENTITY = "iPhone Developer";
				COPY_PHASE_STRIP = NO;
				DEBUG_INFORMATION_FORMAT = "dwarf-with-dsym";
				ENABLE_NS_ASSERTIONS = NO;
				ENABLE_STRICT_OBJC_MSGSEND = YES;
				GCC_C_LANGUAGE_STANDARD = gnu11;
				GCC_NO_COMMON_BLOCKS = YES;
				GCC_WARN_64_TO_32_BIT_CONVERSION = YES;
				GCC_WARN_ABOUT_RETURN_TYPE = YES_ERROR;
				GCC_WARN_UNDECLARED_SELECTOR = YES;
				GCC_WARN_UNINITIALIZED_AUTOS = YES_AGGRESSIVE;
				GCC_WARN_UNUSED_FUNCTION = YES;
				GCC_WARN_UNUSED_VARIABLE = YES;
				IPHONEOS_DEPLOYMENT_TARGET = 11.4;
				MTL_ENABLE_DEBUG_INFO = NO;
				SDKROOT = iphoneos;
				SWIFT_COMPILATION_MODE = wholemodule;
				SWIFT_OPTIMIZATION_LEVEL = "-O";
				VALIDATE_PRODUCT = YES;
			};
			name = Release;
		};
		7911042721648F7400089ECD /* Debug */ = {
			isa = XCBuildConfiguration;
			buildSettings = {
				ASSETCATALOG_COMPILER_APPICON_NAME = AppIcon;
				CODE_SIGN_STYLE = Automatic;
				DEVELOPMENT_TEAM = 98GKH2AZMP;
				INFOPLIST_FILE = LoadingAnimationDemo/Info.plist;
				LD_RUNPATH_SEARCH_PATHS = (
					"$(inherited)",
					"@executable_path/Frameworks",
				);
				PRODUCT_BUNDLE_IDENTIFIER = "f077616-gmail.com.LoadingAnimationDemo";
				PRODUCT_NAME = "$(TARGET_NAME)";
				SWIFT_VERSION = 4.0;
				TARGETED_DEVICE_FAMILY = "1,2";
			};
			name = Debug;
		};
		7911042821648F7400089ECD /* Release */ = {
			isa = XCBuildConfiguration;
			buildSettings = {
				ASSETCATALOG_COMPILER_APPICON_NAME = AppIcon;
				CODE_SIGN_STYLE = Automatic;
				DEVELOPMENT_TEAM = 98GKH2AZMP;
				INFOPLIST_FILE = LoadingAnimationDemo/Info.plist;
				LD_RUNPATH_SEARCH_PATHS = (
					"$(inherited)",
					"@executable_path/Frameworks",
				);
				PRODUCT_BUNDLE_IDENTIFIER = "f077616-gmail.com.LoadingAnimationDemo";
				PRODUCT_NAME = "$(TARGET_NAME)";
				SWIFT_VERSION = 4.0;
				TARGETED_DEVICE_FAMILY = "1,2";
			};
			name = Release;
		};
		7911042A21648F7400089ECD /* Debug */ = {
			isa = XCBuildConfiguration;
			buildSettings = {
				ALWAYS_EMBED_SWIFT_STANDARD_LIBRARIES = YES;
				BUNDLE_LOADER = "$(TEST_HOST)";
				CODE_SIGN_STYLE = Automatic;
				DEVELOPMENT_TEAM = 98GKH2AZMP;
				INFOPLIST_FILE = LoadingAnimationDemoTests/Info.plist;
				LD_RUNPATH_SEARCH_PATHS = (
					"$(inherited)",
					"@executable_path/Frameworks",
					"@loader_path/Frameworks",
				);
				PRODUCT_BUNDLE_IDENTIFIER = "f077616-gmail.com.LoadingAnimationDemoTests";
				PRODUCT_NAME = "$(TARGET_NAME)";
				SWIFT_VERSION = 4.0;
				TARGETED_DEVICE_FAMILY = "1,2";
				TEST_HOST = "$(BUILT_PRODUCTS_DIR)/LoadingAnimationDemo.app/LoadingAnimationDemo";
			};
			name = Debug;
		};
		7911042B21648F7400089ECD /* Release */ = {
			isa = XCBuildConfiguration;
			buildSettings = {
				ALWAYS_EMBED_SWIFT_STANDARD_LIBRARIES = YES;
				BUNDLE_LOADER = "$(TEST_HOST)";
				CODE_SIGN_STYLE = Automatic;
				DEVELOPMENT_TEAM = 98GKH2AZMP;
				INFOPLIST_FILE = LoadingAnimationDemoTests/Info.plist;
				LD_RUNPATH_SEARCH_PATHS = (
					"$(inherited)",
					"@executable_path/Frameworks",
					"@loader_path/Frameworks",
				);
				PRODUCT_BUNDLE_IDENTIFIER = "f077616-gmail.com.LoadingAnimationDemoTests";
				PRODUCT_NAME = "$(TARGET_NAME)";
				SWIFT_VERSION = 4.0;
				TARGETED_DEVICE_FAMILY = "1,2";
				TEST_HOST = "$(BUILT_PRODUCTS_DIR)/LoadingAnimationDemo.app/LoadingAnimationDemo";
			};
			name = Release;
		};
/* End XCBuildConfiguration section */

/* Begin XCConfigurationList section */
		7911040421648F7100089ECD /* Build configuration list for PBXProject "LoadingAnimationDemo" */ = {
			isa = XCConfigurationList;
			buildConfigurations = (
				7911042421648F7400089ECD /* Debug */,
				7911042521648F7400089ECD /* Release */,
			);
			defaultConfigurationIsVisible = 0;
			defaultConfigurationName = Release;
		};
		7911042621648F7400089ECD /* Build configuration list for PBXNativeTarget "LoadingAnimationDemo" */ = {
			isa = XCConfigurationList;
			buildConfigurations = (
				7911042721648F7400089ECD /* Debug */,
				7911042821648F7400089ECD /* Release */,
			);
			defaultConfigurationIsVisible = 0;
			defaultConfigurationName = Release;
		};
		7911042921648F7400089ECD /* Build configuration list for PBXNativeTarget "LoadingAnimationDemoTests" */ = {
			isa = XCConfigurationList;
			buildConfigurations = (
				7911042A21648F7400089ECD /* Debug */,
				7911042B21648F7400089ECD /* Release */,
			);
			defaultConfigurationIsVisible = 0;
			defaultConfigurationName = Release;
		};
/* End XCConfigurationList section */
	};
	rootObject = 7911040121648F7100089ECD /* Project object */;
}
